
Microsoft Visual Studio Solution File, Format Version 12.00
# Visual Studio Version 16
VisualStudioVersion = 16.0.33328.57
MinimumVisualStudioVersion = 10.0.40219.1
Project("{FAE04EC0-301F-11D3-BF4B-00C04F79EFBC}") = "teste-desenvolvedor-dotnet", "teste-desenvolvedor-dotnet.csproj", "{4E7B9AA1-A1FC-426F-A4F6-85FA752D788D}"
EndProject
Global
	GlobalSection(SolutionConfigurationPlatforms) = preSolution
		Debug|Any CPU = Debug|Any CPU
		Release|Any CPU = Release|Any CPU
	EndGlobalSection
	GlobalSection(ProjectConfigurationPlatforms) = postSolution
		{4E7B9AA1-A1FC-426F-A4F6-85FA752D788D}.Debug|Any CPU.ActiveCfg = Debug|Any CPU
		{4E7B9AA1-A1FC-426F-A4F6-85FA752D788D}.Debug|Any CPU.Build.0 = Debug|Any CPU
		{4E7B9AA1-A1FC-426F-A4F6-85FA752D788D}.Release|Any CPU.ActiveCfg = Release|Any CPU
		{4E7B9AA1-A1FC-426F-A4F6-85FA752D788D}.Release|Any CPU.Build.0 = Release|Any CPU
	EndGlobalSection
	GlobalSection(SolutionProperties) = preSolution
		HideSolutionNode = FALSE
	EndGlobalSection
	GlobalSection(ExtensibilityGlobals) = postSolution
		SolutionGuid = {449245F9-3E5F-418E-AD83-D6540E3CB814}
	EndGlobalSection
EndGlobal
